
Microsoft Visual Studio Solution File, Format Version 12.00
# Visual Studio Version 17
VisualStudioVersion = 17.7.34031.279
MinimumVisualStudioVersion = 10.0.40219.1
Project("{8BC9CEB8-8B4A-11D0-8D11-00A0C91BC942}") = "III4", "III4\III4.vcxproj", "{8159D811-54D0-48D0-A349-7E25383DD13E}"
EndProject
Global
	GlobalSection(SolutionConfigurationPlatforms) = preSolution
		Debug|x64 = Debug|x64
		Debug|x86 = Debug|x86
		Release|x64 = Release|x64
		Release|x86 = Release|x86
	EndGlobalSection
	GlobalSection(ProjectConfigurationPlatforms) = postSolution
		{8159D811-54D0-48D0-A349-7E25383DD13E}.Debug|x64.ActiveCfg = Debug|x64
		{8159D811-54D0-48D0-A349-7E25383DD13E}.Debug|x64.Build.0 = Debug|x64
		{8159D811-54D0-48D0-A349-7E25383DD13E}.Debug|x86.ActiveCfg = Debug|Win32
		{8159D811-54D0-48D0-A349-7E25383DD13E}.Debug|x86.Build.0 = Debug|Win32
		{8159D811-54D0-48D0-A349-7E25383DD13E}.Release|x64.ActiveCfg = Release|x64
		{8159D811-54D0-48D0-A349-7E25383DD13E}.Release|x64.Build.0 = Release|x64
		{8159D811-54D0-48D0-A349-7E25383DD13E}.Release|x86.ActiveCfg = Release|Win32
		{8159D811-54D0-48D0-A349-7E25383DD13E}.Release|x86.Build.0 = Release|Win32
	EndGlobalSection
	GlobalSection(SolutionProperties) = preSolution
		HideSolutionNode = FALSE
	EndGlobalSection
	GlobalSection(ExtensibilityGlobals) = postSolution
		SolutionGuid = {46D3E475-D735-4E49-82ED-00502E8BCE25}
	EndGlobalSection
EndGlobal
