Microsoft Visual Studio Solution File, Format Version 12.00
# Visual Studio Version 17
VisualStudioVersion = 17.5.2.0
MinimumVisualStudioVersion = 10.0.40219.1
Project("{FAE04EC0-301F-11D3-BF4B-00C04F79EFBC}") = "22.3.4", "22.3.4.csproj", "{6FE75812-34B1-F1AB-C093-F37030980472}"
EndProject
Global
	GlobalSection(SolutionConfigurationPlatforms) = preSolution
		Debug|Any CPU = Debug|Any CPU
		Release|Any CPU = Release|Any CPU
	EndGlobalSection
	GlobalSection(ProjectConfigurationPlatforms) = postSolution
		{6FE75812-34B1-F1AB-C093-F37030980472}.Debug|Any CPU.ActiveCfg = Debug|Any CPU
		{6FE75812-34B1-F1AB-C093-F37030980472}.Debug|Any CPU.Build.0 = Debug|Any CPU
		{6FE75812-34B1-F1AB-C093-F37030980472}.Release|Any CPU.ActiveCfg = Release|Any CPU
		{6FE75812-34B1-F1AB-C093-F37030980472}.Release|Any CPU.Build.0 = Release|Any CPU
	EndGlobalSection
	GlobalSection(SolutionProperties) = preSolution
		HideSolutionNode = FALSE
	EndGlobalSection
	GlobalSection(ExtensibilityGlobals) = postSolution
		SolutionGuid = {A5F44892-9CBA-4263-8AD1-1E13AFBEF7EF}
	EndGlobalSection
EndGlobal
