Microsoft Visual Studio Solution File, Format Version 12.00
# Visual Studio Version 17
VisualStudioVersion = 17.5.2.0
MinimumVisualStudioVersion = 10.0.40219.1
Project("{FAE04EC0-301F-11D3-BF4B-00C04F79EFBC}") = "21.3.10", "21.3.10.csproj", "{EEB423AE-8E3E-DD6E-2697-072391D35588}"
EndProject
Global
	GlobalSection(SolutionConfigurationPlatforms) = preSolution
		Debug|Any CPU = Debug|Any CPU
		Release|Any CPU = Release|Any CPU
	EndGlobalSection
	GlobalSection(ProjectConfigurationPlatforms) = postSolution
		{EEB423AE-8E3E-DD6E-2697-072391D35588}.Debug|Any CPU.ActiveCfg = Debug|Any CPU
		{EEB423AE-8E3E-DD6E-2697-072391D35588}.Debug|Any CPU.Build.0 = Debug|Any CPU
		{EEB423AE-8E3E-DD6E-2697-072391D35588}.Release|Any CPU.ActiveCfg = Release|Any CPU
		{EEB423AE-8E3E-DD6E-2697-072391D35588}.Release|Any CPU.Build.0 = Release|Any CPU
	EndGlobalSection
	GlobalSection(SolutionProperties) = preSolution
		HideSolutionNode = FALSE
	EndGlobalSection
	GlobalSection(ExtensibilityGlobals) = postSolution
		SolutionGuid = {3E183817-31AA-4E3F-8291-4A7B2FDFE1D7}
	EndGlobalSection
EndGlobal
