
Microsoft Visual Studio Solution File, Format Version 12.00
# Visual Studio Version 17
VisualStudioVersion = 17.5.002.0
MinimumVisualStudioVersion = 10.0.40219.1
Project("{9A19103F-16F7-4668-BE54-9A1E7A4F7556}") = "16.2.3", "16.2.3.csproj", "{F77A5324-2DBF-42E0-ADC9-75E40F7B02ED}"
EndProject
Global
	GlobalSection(SolutionConfigurationPlatforms) = preSolution
		Debug|Any CPU = Debug|Any CPU
		Release|Any CPU = Release|Any CPU
	EndGlobalSection
	GlobalSection(ProjectConfigurationPlatforms) = postSolution
		{F77A5324-2DBF-42E0-ADC9-75E40F7B02ED}.Debug|Any CPU.ActiveCfg = Debug|Any CPU
		{F77A5324-2DBF-42E0-ADC9-75E40F7B02ED}.Debug|Any CPU.Build.0 = Debug|Any CPU
		{F77A5324-2DBF-42E0-ADC9-75E40F7B02ED}.Release|Any CPU.ActiveCfg = Release|Any CPU
		{F77A5324-2DBF-42E0-ADC9-75E40F7B02ED}.Release|Any CPU.Build.0 = Release|Any CPU
	EndGlobalSection
	GlobalSection(SolutionProperties) = preSolution
		HideSolutionNode = FALSE
	EndGlobalSection
	GlobalSection(ExtensibilityGlobals) = postSolution
		SolutionGuid = {22E92B63-CBF7-4C9E-8923-C7C29EB9590F}
	EndGlobalSection
EndGlobal
