
Microsoft Visual Studio Solution File, Format Version 12.00
# Visual Studio Version 17
VisualStudioVersion = 17.7.34031.279
MinimumVisualStudioVersion = 10.0.40219.1
Project("{8BC9CEB8-8B4A-11D0-8D11-00A0C91BC942}") = "841", "841\841.vcxproj", "{E3DFC7BD-37AE-4ED4-8463-C151DB3F4AC8}"
EndProject
Global
	GlobalSection(SolutionConfigurationPlatforms) = preSolution
		Debug|x64 = Debug|x64
		Debug|x86 = Debug|x86
		Release|x64 = Release|x64
		Release|x86 = Release|x86
	EndGlobalSection
	GlobalSection(ProjectConfigurationPlatforms) = postSolution
		{E3DFC7BD-37AE-4ED4-8463-C151DB3F4AC8}.Debug|x64.ActiveCfg = Debug|x64
		{E3DFC7BD-37AE-4ED4-8463-C151DB3F4AC8}.Debug|x64.Build.0 = Debug|x64
		{E3DFC7BD-37AE-4ED4-8463-C151DB3F4AC8}.Debug|x86.ActiveCfg = Debug|Win32
		{E3DFC7BD-37AE-4ED4-8463-C151DB3F4AC8}.Debug|x86.Build.0 = Debug|Win32
		{E3DFC7BD-37AE-4ED4-8463-C151DB3F4AC8}.Release|x64.ActiveCfg = Release|x64
		{E3DFC7BD-37AE-4ED4-8463-C151DB3F4AC8}.Release|x64.Build.0 = Release|x64
		{E3DFC7BD-37AE-4ED4-8463-C151DB3F4AC8}.Release|x86.ActiveCfg = Release|Win32
		{E3DFC7BD-37AE-4ED4-8463-C151DB3F4AC8}.Release|x86.Build.0 = Release|Win32
	EndGlobalSection
	GlobalSection(SolutionProperties) = preSolution
		HideSolutionNode = FALSE
	EndGlobalSection
	GlobalSection(ExtensibilityGlobals) = postSolution
		SolutionGuid = {C8A48AAE-C72A-491D-9230-0E5EE88EDE59}
	EndGlobalSection
EndGlobal
